
Microsoft Visual Studio Solution File, Format Version 12.00
# Visual Studio Version 17
VisualStudioVersion = 17.1.32228.430
MinimumVisualStudioVersion = 10.0.40219.1
Project("{FAE04EC0-301F-11D3-BF4B-00C04F79EFBC}") = "TodoWebApi", "TodoWebApi\TodoWebApi.csproj", "{A93A4D92-C139-42C0-8815-27B477BAC6DD}"
EndProject
Global
	GlobalSection(SolutionConfigurationPlatforms) = preSolution
		Debug|Any CPU = Debug|Any CPU
		Release|Any CPU = Release|Any CPU
	EndGlobalSection
	GlobalSection(ProjectConfigurationPlatforms) = postSolution
		{A93A4D92-C139-42C0-8815-27B477BAC6DD}.Debug|Any CPU.ActiveCfg = Debug|Any CPU
		{A93A4D92-C139-42C0-8815-27B477BAC6DD}.Debug|Any CPU.Build.0 = Debug|Any CPU
		{A93A4D92-C139-42C0-8815-27B477BAC6DD}.Release|Any CPU.ActiveCfg = Release|Any CPU
		{A93A4D92-C139-42C0-8815-27B477BAC6DD}.Release|Any CPU.Build.0 = Release|Any CPU
	EndGlobalSection
	GlobalSection(SolutionProperties) = preSolution
		HideSolutionNode = FALSE
	EndGlobalSection
	GlobalSection(ExtensibilityGlobals) = postSolution
		SolutionGuid = {D111B8D6-342C-49AF-A93B-768E101D2ABB}
	EndGlobalSection
EndGlobal
